
Microsoft Visual Studio Solution File, Format Version 12.00
# Visual Studio Version 17
VisualStudioVersion = 17.14.36414.22
MinimumVisualStudioVersion = 10.0.40219.1
Project("{2150E333-8FDC-42A3-9474-1A3956D46DE8}") = "Task0", "Task0", "{02EA681E-C7D8-13C7-8484-4AC65E1B71E8}"
EndProject
Project("{FAE04EC0-301F-11D3-BF4B-00C04F79EFBC}") = "Tyuiu.KorolkovDS.Sprint0.Task0.V0", "Tyuiu.KorolkovDS.Sprint0.Task0.V0\Tyuiu.KorolkovDS.Sprint0.Task0.V0.csproj", "{51148018-FD07-448D-B597-E255CA51858B}"
EndProject
Project("{2150E333-8FDC-42A3-9474-1A3956D46DE8}") = "Task1", "Task1", "{2FB52819-BF44-4174-9E06-10C396121243}"
EndProject
Project("{FAE04EC0-301F-11D3-BF4B-00C04F79EFBC}") = "Tyuiu.KorolkovDS.Sprint0.Task1,V0", "Tyuiu.KorolkovDS.Sprint0.Task1,V0\Tyuiu.KorolkovDS.Sprint0.Task1,V0.csproj", "{FC8EBF3D-0BBD-4682-93DA-CB6747CDB003}"
EndProject
Project("{2150E333-8FDC-42A3-9474-1A3956D46DE8}") = "Task2", "Task2", "{5EDA147E-3336-4354-AC33-1F22357564F2}"
EndProject
Project("{FAE04EC0-301F-11D3-BF4B-00C04F79EFBC}") = "Tyuiu.KorolkovDS.Sprint0.Task2.V0", "Tyuiu,KorolkovDS.Sprint0.Task2.V0\Tyuiu.KorolkovDS.Sprint0.Task2.V0.csproj", "{FD4B653B-0CE8-4338-A38C-331428E2FF1D}"
EndProject
Project("{FAE04EC0-301F-11D3-BF4B-00C04F79EFBC}") = "Tyuiu.KorolkovDS.Sprint0.Task2.V0.Lib", "Tyuiu.KorolkovDS.Sprint0.Task2.V0.Lib\Tyuiu.KorolkovDS.Sprint0.Task2.V0.Lib.csproj", "{ECA6FDAC-8CE5-4539-A08B-C33B26AD45AC}"
EndProject
Project("{FAE04EC0-301F-11D3-BF4B-00C04F79EFBC}") = "Tyuiu.KorolkovDS.Sprint0.Task2.V0.Test", "Tyuiu.KorolkovDS.Sprint0.Task2.V0.Test\Tyuiu.KorolkovDS.Sprint0.Task2.V0.Test.csproj", "{8A30F271-A6E3-4F0E-9D9C-D360368248B8}"
EndProject
Project("{2150E333-8FDC-42A3-9474-1A3956D46DE8}") = "Task3", "Task3", "{F9AFC3A1-7D03-40AE-A216-6ACDDFE83DF1}"
EndProject
Project("{FAE04EC0-301F-11D3-BF4B-00C04F79EFBC}") = "Tyuiu.KorolkovDS.Sprint0.Task3.V0", "Tyuiu.KorolkovDS.Sprint0.Task3.V0\Tyuiu.KorolkovDS.Sprint0.Task3.V0.csproj", "{BA137862-1BED-4F71-B6FE-2102C362E6AD}"
EndProject
Project("{FAE04EC0-301F-11D3-BF4B-00C04F79EFBC}") = "Tyuiu.KorolkovDS.Sprint0.Task3.V0.Lib", "Tyuiu.KorolkovDS.Sprint0.Task3.V0.Lib\Tyuiu.KorolkovDS.Sprint0.Task3.V0.Lib.csproj", "{2DA286C6-CF08-4667-93EB-23F6F0F18BA3}"
EndProject
Project("{FAE04EC0-301F-11D3-BF4B-00C04F79EFBC}") = "Tyuiu.KorolkovDS.Sprint0.Task3.V0.Test", "Tyuiu.KorolkovDS.Sprint0.Task3.V0.Test\Tyuiu.KorolkovDS.Sprint0.Task3.V0.Test.csproj", "{8E06FAA1-53FB-457D-8765-F8659F14538A}"
EndProject
Project("{2150E333-8FDC-42A3-9474-1A3956D46DE8}") = "Task4", "Task4", "{2025606B-A84D-4DB9-858C-2AD532EB76C0}"
EndProject
Project("{FAE04EC0-301F-11D3-BF4B-00C04F79EFBC}") = "Tyuiu.KorolkovDS.Sprint0.Task4.V0", "Tyuiu.KorolkovDS.Sprint0.Task4.V0\Tyuiu.KorolkovDS.Sprint0.Task4.V0.csproj", "{6A875D64-9BB3-4A14-8910-FBAC6090FDA0}"
EndProject
Project("{FAE04EC0-301F-11D3-BF4B-00C04F79EFBC}") = "Tyuiu.KorolkovDS.Sprint0.Task4.V0.Lib", "Tyuiu.KorolkovDS.Sprint0.Task4.V0.Lib\Tyuiu.KorolkovDS.Sprint0.Task4.V0.Lib.csproj", "{DBCA4C3A-DA8B-4CA7-8DF1-1FF2D327780D}"
EndProject
Project("{FAE04EC0-301F-11D3-BF4B-00C04F79EFBC}") = "Tyuiu.KorolkovDS.Sprint0.Task4.V0.Test", "Tyuiu.KorolkovDS.Sprint0.Task4.V0.Test\Tyuiu.KorolkovDS.Sprint0.Task4.V0.Test.csproj", "{EC325213-8924-44A4-8D8B-F1ED14316563}"
EndProject
Project("{2150E333-8FDC-42A3-9474-1A3956D46DE8}") = "Task5", "Task5", "{A158166D-DF3E-4F65-8F52-E5C19B453C8A}"
EndProject
Project("{FAE04EC0-301F-11D3-BF4B-00C04F79EFBC}") = "Tyuiu.KorolkovDS.Sprint0.Task5.V0", "Tyuiu.KorolkovDS.Sprint0.Task5.V0\Tyuiu.KorolkovDS.Sprint0.Task5.V0.csproj", "{9F147401-AE5E-4F55-9DDE-35270E07C1C6}"
EndProject
Project("{FAE04EC0-301F-11D3-BF4B-00C04F79EFBC}") = "Tyuiu.KorolkovDS.Sprint0.Task5.V0.Lib", "Tyuiu.KorolkovDS.Sprint0.Task5.V0.Lib\Tyuiu.KorolkovDS.Sprint0.Task5.V0.Lib.csproj", "{8F8EF08F-029F-4728-9646-B20814DD4EC4}"
EndProject
Project("{FAE04EC0-301F-11D3-BF4B-00C04F79EFBC}") = "Tyuiu.KorolkovDS.Sprint0.Task5.V0.Test", "Tyuiu.KorolkovDS.Sprint0.Task5.V0.Test\Tyuiu.KorolkovDS.Sprint0.Task5.V0.Test.csproj", "{435F13DA-38E3-49CC-93EE-0BC7477E5718}"
EndProject
Project("{2150E333-8FDC-42A3-9474-1A3956D46DE8}") = "Task6", "Task6", "{81317446-766D-47EA-B19C-11D64D6FA857}"
EndProject
Project("{FAE04EC0-301F-11D3-BF4B-00C04F79EFBC}") = "Tyuiu.KorolkovDS.Sprint0.Task6.V0", "Tyuiu.KorolkovDS.Sprint0.Task6.V0\Tyuiu.KorolkovDS.Sprint0.Task6.V0.csproj", "{6CF926F1-0272-4AD5-A327-26A6913EE8CB}"
EndProject
Project("{FAE04EC0-301F-11D3-BF4B-00C04F79EFBC}") = "Tyuiu.KorolkovDS.Sprint0.Task6.V0.Lib", "Tyuiu.KorolkovDS.Sprint0.Task6.V0.Lib\Tyuiu.KorolkovDS.Sprint0.Task6.V0.Lib.csproj", "{4C8A441D-783E-4F98-B0EC-AF8B07C77815}"
EndProject
Project("{FAE04EC0-301F-11D3-BF4B-00C04F79EFBC}") = "Tyuiu.KorolkovDS.Sprint0.Task6.V0.Test", "Tyuiu.KorolkovDS.Sprint0.Task6.V0.Test\Tyuiu.KorolkovDS.Sprint0.Task6.V0.Test.csproj", "{FE67870F-3282-4FD4-97A5-A8DFA449EF3C}"
EndProject
Global
	GlobalSection(SolutionConfigurationPlatforms) = preSolution
		Debug|Any CPU = Debug|Any CPU
		Release|Any CPU = Release|Any CPU
	EndGlobalSection
	GlobalSection(ProjectConfigurationPlatforms) = postSolution
		{51148018-FD07-448D-B597-E255CA51858B}.Debug|Any CPU.ActiveCfg = Debug|Any CPU
		{51148018-FD07-448D-B597-E255CA51858B}.Debug|Any CPU.Build.0 = Debug|Any CPU
		{51148018-FD07-448D-B597-E255CA51858B}.Release|Any CPU.ActiveCfg = Release|Any CPU
		{51148018-FD07-448D-B597-E255CA51858B}.Release|Any CPU.Build.0 = Release|Any CPU
		{FC8EBF3D-0BBD-4682-93DA-CB6747CDB003}.Debug|Any CPU.ActiveCfg = Debug|Any CPU
		{FC8EBF3D-0BBD-4682-93DA-CB6747CDB003}.Debug|Any CPU.Build.0 = Debug|Any CPU
		{FC8EBF3D-0BBD-4682-93DA-CB6747CDB003}.Release|Any CPU.ActiveCfg = Release|Any CPU
		{FC8EBF3D-0BBD-4682-93DA-CB6747CDB003}.Release|Any CPU.Build.0 = Release|Any CPU
		{FD4B653B-0CE8-4338-A38C-331428E2FF1D}.Debug|Any CPU.ActiveCfg = Debug|Any CPU
		{FD4B653B-0CE8-4338-A38C-331428E2FF1D}.Debug|Any CPU.Build.0 = Debug|Any CPU
		{FD4B653B-0CE8-4338-A38C-331428E2FF1D}.Release|Any CPU.ActiveCfg = Release|Any CPU
		{FD4B653B-0CE8-4338-A38C-331428E2FF1D}.Release|Any CPU.Build.0 = Release|Any CPU
		{ECA6FDAC-8CE5-4539-A08B-C33B26AD45AC}.Debug|Any CPU.ActiveCfg = Debug|Any CPU
		{ECA6FDAC-8CE5-4539-A08B-C33B26AD45AC}.Debug|Any CPU.Build.0 = Debug|Any CPU
		{ECA6FDAC-8CE5-4539-A08B-C33B26AD45AC}.Release|Any CPU.ActiveCfg = Release|Any CPU
		{ECA6FDAC-8CE5-4539-A08B-C33B26AD45AC}.Release|Any CPU.Build.0 = Release|Any CPU
		{8A30F271-A6E3-4F0E-9D9C-D360368248B8}.Debug|Any CPU.ActiveCfg = Debug|Any CPU
		{8A30F271-A6E3-4F0E-9D9C-D360368248B8}.Debug|Any CPU.Build.0 = Debug|Any CPU
		{8A30F271-A6E3-4F0E-9D9C-D360368248B8}.Release|Any CPU.ActiveCfg = Release|Any CPU
		{8A30F271-A6E3-4F0E-9D9C-D360368248B8}.Release|Any CPU.Build.0 = Release|Any CPU
		{BA137862-1BED-4F71-B6FE-2102C362E6AD}.Debug|Any CPU.ActiveCfg = Debug|Any CPU
		{BA137862-1BED-4F71-B6FE-2102C362E6AD}.Debug|Any CPU.Build.0 = Debug|Any CPU
		{BA137862-1BED-4F71-B6FE-2102C362E6AD}.Release|Any CPU.ActiveCfg = Release|Any CPU
		{BA137862-1BED-4F71-B6FE-2102C362E6AD}.Release|Any CPU.Build.0 = Release|Any CPU
		{2DA286C6-CF08-4667-93EB-23F6F0F18BA3}.Debug|Any CPU.ActiveCfg = Debug|Any CPU
		{2DA286C6-CF08-4667-93EB-23F6F0F18BA3}.Debug|Any CPU.Build.0 = Debug|Any CPU
		{2DA286C6-CF08-4667-93EB-23F6F0F18BA3}.Release|Any CPU.ActiveCfg = Release|Any CPU
		{2DA286C6-CF08-4667-93EB-23F6F0F18BA3}.Release|Any CPU.Build.0 = Release|Any CPU
		{8E06FAA1-53FB-457D-8765-F8659F14538A}.Debug|Any CPU.ActiveCfg = Debug|Any CPU
		{8E06FAA1-53FB-457D-8765-F8659F14538A}.Debug|Any CPU.Build.0 = Debug|Any CPU
		{8E06FAA1-53FB-457D-8765-F8659F14538A}.Release|Any CPU.ActiveCfg = Release|Any CPU
		{8E06FAA1-53FB-457D-8765-F8659F14538A}.Release|Any CPU.Build.0 = Release|Any CPU
		{6A875D64-9BB3-4A14-8910-FBAC6090FDA0}.Debug|Any CPU.ActiveCfg = Debug|Any CPU
		{6A875D64-9BB3-4A14-8910-FBAC6090FDA0}.Debug|Any CPU.Build.0 = Debug|Any CPU
		{6A875D64-9BB3-4A14-8910-FBAC6090FDA0}.Release|Any CPU.ActiveCfg = Release|Any CPU
		{6A875D64-9BB3-4A14-8910-FBAC6090FDA0}.Release|Any CPU.Build.0 = Release|Any CPU
		{DBCA4C3A-DA8B-4CA7-8DF1-1FF2D327780D}.Debug|Any CPU.ActiveCfg = Debug|Any CPU
		{DBCA4C3A-DA8B-4CA7-8DF1-1FF2D327780D}.Debug|Any CPU.Build.0 = Debug|Any CPU
		{DBCA4C3A-DA8B-4CA7-8DF1-1FF2D327780D}.Release|Any CPU.ActiveCfg = Release|Any CPU
		{DBCA4C3A-DA8B-4CA7-8DF1-1FF2D327780D}.Release|Any CPU.Build.0 = Release|Any CPU
		{EC325213-8924-44A4-8D8B-F1ED14316563}.Debug|Any CPU.ActiveCfg = Debug|Any CPU
		{EC325213-8924-44A4-8D8B-F1ED14316563}.Debug|Any CPU.Build.0 = Debug|Any CPU
		{EC325213-8924-44A4-8D8B-F1ED14316563}.Release|Any CPU.ActiveCfg = Release|Any CPU
		{EC325213-8924-44A4-8D8B-F1ED14316563}.Release|Any CPU.Build.0 = Release|Any CPU
		{9F147401-AE5E-4F55-9DDE-35270E07C1C6}.Debug|Any CPU.ActiveCfg = Debug|Any CPU
		{9F147401-AE5E-4F55-9DDE-35270E07C1C6}.Debug|Any CPU.Build.0 = Debug|Any CPU
		{9F147401-AE5E-4F55-9DDE-35270E07C1C6}.Release|Any CPU.ActiveCfg = Release|Any CPU
		{9F147401-AE5E-4F55-9DDE-35270E07C1C6}.Release|Any CPU.Build.0 = Release|Any CPU
		{8F8EF08F-029F-4728-9646-B20814DD4EC4}.Debug|Any CPU.ActiveCfg = Debug|Any CPU
		{8F8EF08F-029F-4728-9646-B20814DD4EC4}.Debug|Any CPU.Build.0 = Debug|Any CPU
		{8F8EF08F-029F-4728-9646-B20814DD4EC4}.Release|Any CPU.ActiveCfg = Release|Any CPU
		{8F8EF08F-029F-4728-9646-B20814DD4EC4}.Release|Any CPU.Build.0 = Release|Any CPU
		{435F13DA-38E3-49CC-93EE-0BC7477E5718}.Debug|Any CPU.ActiveCfg = Debug|Any CPU
		{435F13DA-38E3-49CC-93EE-0BC7477E5718}.Debug|Any CPU.Build.0 = Debug|Any CPU
		{435F13DA-38E3-49CC-93EE-0BC7477E5718}.Release|Any CPU.ActiveCfg = Release|Any CPU
		{435F13DA-38E3-49CC-93EE-0BC7477E5718}.Release|Any CPU.Build.0 = Release|Any CPU
		{6CF926F1-0272-4AD5-A327-26A6913EE8CB}.Debug|Any CPU.ActiveCfg = Debug|Any CPU
		{6CF926F1-0272-4AD5-A327-26A6913EE8CB}.Debug|Any CPU.Build.0 = Debug|Any CPU
		{6CF926F1-0272-4AD5-A327-26A6913EE8CB}.Release|Any CPU.ActiveCfg = Release|Any CPU
		{6CF926F1-0272-4AD5-A327-26A6913EE8CB}.Release|Any CPU.Build.0 = Release|Any CPU
		{4C8A441D-783E-4F98-B0EC-AF8B07C77815}.Debug|Any CPU.ActiveCfg = Debug|Any CPU
		{4C8A441D-783E-4F98-B0EC-AF8B07C77815}.Debug|Any CPU.Build.0 = Debug|Any CPU
		{4C8A441D-783E-4F98-B0EC-AF8B07C77815}.Release|Any CPU.ActiveCfg = Release|Any CPU
		{4C8A441D-783E-4F98-B0EC-AF8B07C77815}.Release|Any CPU.Build.0 = Release|Any CPU
		{FE67870F-3282-4FD4-97A5-A8DFA449EF3C}.Debug|Any CPU.ActiveCfg = Debug|Any CPU
		{FE67870F-3282-4FD4-97A5-A8DFA449EF3C}.Debug|Any CPU.Build.0 = Debug|Any CPU
		{FE67870F-3282-4FD4-97A5-A8DFA449EF3C}.Release|Any CPU.ActiveCfg = Release|Any CPU
		{FE67870F-3282-4FD4-97A5-A8DFA449EF3C}.Release|Any CPU.Build.0 = Release|Any CPU
	EndGlobalSection
	GlobalSection(SolutionProperties) = preSolution
		HideSolutionNode = FALSE
	EndGlobalSection
	GlobalSection(NestedProjects) = preSolution
		{51148018-FD07-448D-B597-E255CA51858B} = {02EA681E-C7D8-13C7-8484-4AC65E1B71E8}
		{FC8EBF3D-0BBD-4682-93DA-CB6747CDB003} = {2FB52819-BF44-4174-9E06-10C396121243}
		{FD4B653B-0CE8-4338-A38C-331428E2FF1D} = {5EDA147E-3336-4354-AC33-1F22357564F2}
		{ECA6FDAC-8CE5-4539-A08B-C33B26AD45AC} = {5EDA147E-3336-4354-AC33-1F22357564F2}
		{8A30F271-A6E3-4F0E-9D9C-D360368248B8} = {5EDA147E-3336-4354-AC33-1F22357564F2}
		{BA137862-1BED-4F71-B6FE-2102C362E6AD} = {F9AFC3A1-7D03-40AE-A216-6ACDDFE83DF1}
		{2DA286C6-CF08-4667-93EB-23F6F0F18BA3} = {F9AFC3A1-7D03-40AE-A216-6ACDDFE83DF1}
		{8E06FAA1-53FB-457D-8765-F8659F14538A} = {F9AFC3A1-7D03-40AE-A216-6ACDDFE83DF1}
		{6A875D64-9BB3-4A14-8910-FBAC6090FDA0} = {2025606B-A84D-4DB9-858C-2AD532EB76C0}
		{DBCA4C3A-DA8B-4CA7-8DF1-1FF2D327780D} = {2025606B-A84D-4DB9-858C-2AD532EB76C0}
		{EC325213-8924-44A4-8D8B-F1ED14316563} = {2025606B-A84D-4DB9-858C-2AD532EB76C0}
		{9F147401-AE5E-4F55-9DDE-35270E07C1C6} = {A158166D-DF3E-4F65-8F52-E5C19B453C8A}
		{8F8EF08F-029F-4728-9646-B20814DD4EC4} = {A158166D-DF3E-4F65-8F52-E5C19B453C8A}
		{435F13DA-38E3-49CC-93EE-0BC7477E5718} = {A158166D-DF3E-4F65-8F52-E5C19B453C8A}
		{6CF926F1-0272-4AD5-A327-26A6913EE8CB} = {81317446-766D-47EA-B19C-11D64D6FA857}
		{4C8A441D-783E-4F98-B0EC-AF8B07C77815} = {81317446-766D-47EA-B19C-11D64D6FA857}
		{FE67870F-3282-4FD4-97A5-A8DFA449EF3C} = {81317446-766D-47EA-B19C-11D64D6FA857}
	EndGlobalSection
	GlobalSection(ExtensibilityGlobals) = postSolution
		SolutionGuid = {F68622A4-B8CB-4969-929B-890F890C505F}
	EndGlobalSection
EndGlobal
